{
  "name": "@d3/force-directed-graph",
  "version": "139.0.0",
  "lockfileVersion": 1,
  "requires": true,
  "dependencies": {
    "@observablehq/inspector": {
      "version": "3.2.1",
      "resolved": "https://registry.npmjs.org/@observablehq/inspector/-/inspector-3.2.1.tgz",
      "integrity": "sha512-U8EASUAUYCQmCprOF9HafRMnU4yyD0IXjRuDwAjBMjVpm36KXPzXWxHcdzlt/3CbIEu8GOhKQqHBAX9pv6OyUQ==",
      "requires": {
        "esm": "^3.2.25"
      }
    },
    "@observablehq/runtime": {
      "version": "4.7.0",
      "resolved": "https://registry.npmjs.org/@observablehq/runtime/-/runtime-4.7.0.tgz",
      "integrity": "sha512-cfjcIxseRxs1kA3U507V4F/C1PxW/Bo3bUzQBp5QdgJ+QgcMr+rPDYoj8zCs0EmiXL47/SVpFcyz4N9y3DZymg==",
      "requires": {
        "@observablehq/inspector": "^3.2.0",
        "@observablehq/stdlib": "^3.2.0",
        "esm": "^3.0.84"
      }
    },
    "@observablehq/stdlib": {
      "version": "3.3.1",
      "resolved": "https://registry.npmjs.org/@observablehq/stdlib/-/stdlib-3.3.1.tgz",
      "integrity": "sha512-KVjHdSFWPtE6FeqMVhgNBZUvLBdoqpkgglGo38LAFrKYgFtWgPDOGSw21V2NhG5D0/LfqcHqmqWP0Dr+zShKaw==",
      "requires": {
        "d3-require": "^1.2.4"
      }
    },
    "d3-require": {
      "version": "1.2.4",
      "resolved": "https://registry.npmjs.org/d3-require/-/d3-require-1.2.4.tgz",
      "integrity": "sha512-8UseEGCkBkBxIMouLMPONUBmU8DUPC1q12LARV1Lk/2Jwa32SVgmRfX8GdIeR06ZP+CG85YD3N13K2s14qCNyA=="
    },
    "esm": {
      "version": "3.2.25",
      "resolved": "https://registry.npmjs.org/esm/-/esm-3.2.25.tgz",
      "integrity": "sha512-U1suiZ2oDVWv4zPO56S0NcR5QriEahGtdN2OR6FiOG4WJvcjBVFB0qI4+eKoWFH483PKGuLuu6V8Z4T5g63UVA=="
    }
  }
}
